{
    "_readme": [
        "This file locks the dependencies of your project to a known state",
        "Read more about it at https://getcomposer.org/doc/01-basic-usage.md#composer-lock-the-lock-file",
        "This file is @generated automatically"
    ],
    "hash": "aae39e8719e4abec0f5aa508e6d937f9",
    "content-hash": "cafa30959fe72c95228be0fe0dfd757f",
    "packages": [
        {
            "name": "abeautifulsite/simpleimage",
            "version": "2.6.0",
            "source": {
                "type": "git",
                "url": "https://github.com/claviska/SimpleImage.git",
                "reference": "a8fb6f68d12f32e3394a2784c3a8c500bc24cdec"
            },
            "dist": {
                "type": "zip",
                "url": "https://api.github.com/repos/claviska/SimpleImage/zipball/a8fb6f68d12f32e3394a2784c3a8c500bc24cdec",
                "reference": "a8fb6f68d12f32e3394a2784c3a8c500bc24cdec",
                "shasum": ""
            },
            "require": {
                "ext-gd": "*",
                "php": ">=5.3.0"
            },
            "type": "library",
            "extra": {
                "branch-alias": {
                    "dev-master": "2.5-dev"
                }
            },
            "autoload": {
                "psr-0": {
                    "abeautifulsite": "src/"
                }
            },
            "notification-url": "https://packagist.org/downloads/",
            "license": [
                "MIT"
            ],
            "authors": [
                {
                    "name": "Nazar Mokrynskyi",
                    "email": "nazar@mokrynskyi.com",
                    "homepage": "http://cleverstyle.org/",
                    "role": "Developer"
                },
                {
                    "name": "Cory LaViska",
                    "homepage": "http://www.abeautifulsite.net/",
                    "role": "Developer"
                }
            ],
            "description": "A PHP class that simplifies working with images",
            "time": "2015-10-22 19:13:41"
        }
    ],
    "packages-dev": [],
    "aliases": [],
    "minimum-stability": "stable",
    "stability-flags": [],
    "prefer-stable": false,
    "prefer-lowest": false,
    "platform": {
        "php": ">=5.3.0"
    },
    "platform-dev": []
}
